
Microsoft Visual Studio Solution File, Format Version 12.00
# Visual Studio Version 17
VisualStudioVersion = 17.4.33122.133
MinimumVisualStudioVersion = 10.0.40219.1
Project("{FAE04EC0-301F-11D3-BF4B-00C04F79EFBC}") = "10xPractice", "10xPractice\10xPractice.csproj", "{1C3B9F7D-DEBF-4DE8-BB44-A46BED577E2D}"
EndProject
Project("{FAE04EC0-301F-11D3-BF4B-00C04F79EFBC}") = "Classes", "Classes\Classes.csproj", "{A47459EF-C76D-476F-A851-41B9EE2BA4BF}"
EndProject
Global
	GlobalSection(SolutionConfigurationPlatforms) = preSolution
		Debug|Any CPU = Debug|Any CPU
		Release|Any CPU = Release|Any CPU
	EndGlobalSection
	GlobalSection(ProjectConfigurationPlatforms) = postSolution
		{1C3B9F7D-DEBF-4DE8-BB44-A46BED577E2D}.Debug|Any CPU.ActiveCfg = Debug|Any CPU
		{1C3B9F7D-DEBF-4DE8-BB44-A46BED577E2D}.Debug|Any CPU.Build.0 = Debug|Any CPU
		{1C3B9F7D-DEBF-4DE8-BB44-A46BED577E2D}.Release|Any CPU.ActiveCfg = Release|Any CPU
		{1C3B9F7D-DEBF-4DE8-BB44-A46BED577E2D}.Release|Any CPU.Build.0 = Release|Any CPU
		{A47459EF-C76D-476F-A851-41B9EE2BA4BF}.Debug|Any CPU.ActiveCfg = Debug|Any CPU
		{A47459EF-C76D-476F-A851-41B9EE2BA4BF}.Debug|Any CPU.Build.0 = Debug|Any CPU
		{A47459EF-C76D-476F-A851-41B9EE2BA4BF}.Release|Any CPU.ActiveCfg = Release|Any CPU
		{A47459EF-C76D-476F-A851-41B9EE2BA4BF}.Release|Any CPU.Build.0 = Release|Any CPU
	EndGlobalSection
	GlobalSection(SolutionProperties) = preSolution
		HideSolutionNode = FALSE
	EndGlobalSection
	GlobalSection(ExtensibilityGlobals) = postSolution
		SolutionGuid = {2E085746-64C7-488F-8B2F-ABAF71BAABD7}
	EndGlobalSection
EndGlobal
